{
  "name": "recipes",
  "version": "1.0.0",
  "lockfileVersion": 1,
  "requires": true,
  "dependencies": {
    "buefy": {
      "version": "0.6.5",
      "resolved": "https://registry.npmjs.org/buefy/-/buefy-0.6.5.tgz",
      "integrity": "sha512-s8YwVh8LCd61Cddpb4ssZdGwHmAAranRS0zaMFtjjrkFY3xkK/mM9Tex8V4fTmi+S9btw9c80fCI4KDSFwW8ig==",
      "requires": {
        "bulma": "0.6.2"
      }
    },
    "bulma": {
      "version": "0.6.2",
      "resolved": "https://registry.npmjs.org/bulma/-/bulma-0.6.2.tgz",
      "integrity": "sha1-9LHRHVrMUaeWROsKKwsQZJ09cfU="
    }
  }
}
